{
  "name": "@workspace/svgr-config",
  "version": "0.0.0",
  "lockfileVersion": 3,
  "requires": true,
  "packages": {
    "": {
      "name": "@workspace/svgr-config",
      "version": "0.0.0",
      "license": "PROPRIETARY",
      "dependencies": {
        "@workspace/svgr-config": "file:"
      }
    },
    "node_modules/@workspace/svgr-config": {
      "resolved": "",
      "link": true
    }
  }
}
